
Microsoft Visual Studio Solution File, Format Version 12.00
# Visual Studio Version 16
VisualStudioVersion = 16.0.31424.327
MinimumVisualStudioVersion = 10.0.40219.1
Project("{9A19103F-16F7-4668-BE54-9A1E7A4F7556}") = "PruebaTecnicaInventario.API", "PruebaTecnicaInventario.API\PruebaTecnicaInventario.API.csproj", "{906C2DB8-D176-461B-836C-0B9250F060AB}"
EndProject
Project("{9A19103F-16F7-4668-BE54-9A1E7A4F7556}") = "PruebaTecnicaInventario.Core", "PruebaTecnicaInventario.Core\PruebaTecnicaInventario.Core.csproj", "{D98383D4-CA32-430F-87F3-73D0E2A9AE2E}"
EndProject
Project("{9A19103F-16F7-4668-BE54-9A1E7A4F7556}") = "PruebaTecnicaInventario.Infraestructura", "PruebaTecnicaInventario.Infraestructura\PruebaTecnicaInventario.Infraestructura.csproj", "{3BEEC3A0-5CC7-4913-AEBA-21E087EA322B}"
EndProject
Global
	GlobalSection(SolutionConfigurationPlatforms) = preSolution
		Debug|Any CPU = Debug|Any CPU
		Release|Any CPU = Release|Any CPU
	EndGlobalSection
	GlobalSection(ProjectConfigurationPlatforms) = postSolution
		{906C2DB8-D176-461B-836C-0B9250F060AB}.Debug|Any CPU.ActiveCfg = Debug|Any CPU
		{906C2DB8-D176-461B-836C-0B9250F060AB}.Debug|Any CPU.Build.0 = Debug|Any CPU
		{906C2DB8-D176-461B-836C-0B9250F060AB}.Release|Any CPU.ActiveCfg = Release|Any CPU
		{906C2DB8-D176-461B-836C-0B9250F060AB}.Release|Any CPU.Build.0 = Release|Any CPU
		{D98383D4-CA32-430F-87F3-73D0E2A9AE2E}.Debug|Any CPU.ActiveCfg = Debug|Any CPU
		{D98383D4-CA32-430F-87F3-73D0E2A9AE2E}.Debug|Any CPU.Build.0 = Debug|Any CPU
		{D98383D4-CA32-430F-87F3-73D0E2A9AE2E}.Release|Any CPU.ActiveCfg = Release|Any CPU
		{D98383D4-CA32-430F-87F3-73D0E2A9AE2E}.Release|Any CPU.Build.0 = Release|Any CPU
		{3BEEC3A0-5CC7-4913-AEBA-21E087EA322B}.Debug|Any CPU.ActiveCfg = Debug|Any CPU
		{3BEEC3A0-5CC7-4913-AEBA-21E087EA322B}.Debug|Any CPU.Build.0 = Debug|Any CPU
		{3BEEC3A0-5CC7-4913-AEBA-21E087EA322B}.Release|Any CPU.ActiveCfg = Release|Any CPU
		{3BEEC3A0-5CC7-4913-AEBA-21E087EA322B}.Release|Any CPU.Build.0 = Release|Any CPU
	EndGlobalSection
	GlobalSection(SolutionProperties) = preSolution
		HideSolutionNode = FALSE
	EndGlobalSection
	GlobalSection(ExtensibilityGlobals) = postSolution
		SolutionGuid = {DC416BEE-F1C4-46AA-9C1D-9B875B7E4630}
	EndGlobalSection
EndGlobal
